
Microsoft Visual Studio Solution File, Format Version 12.00
# Visual Studio Version 17
VisualStudioVersion = 17.8.34330.188
MinimumVisualStudioVersion = 10.0.40219.1
Project("{FAE04EC0-301F-11D3-BF4B-00C04F79EFBC}") = "CLI24090901", "CLI24090901.csproj", "{0C8268B4-8143-4D51-90F4-A4A74D8837EF}"
EndProject
Global
	GlobalSection(SolutionConfigurationPlatforms) = preSolution
		Debug|Any CPU = Debug|Any CPU
		Release|Any CPU = Release|Any CPU
	EndGlobalSection
	GlobalSection(ProjectConfigurationPlatforms) = postSolution
		{0C8268B4-8143-4D51-90F4-A4A74D8837EF}.Debug|Any CPU.ActiveCfg = Debug|Any CPU
		{0C8268B4-8143-4D51-90F4-A4A74D8837EF}.Debug|Any CPU.Build.0 = Debug|Any CPU
		{0C8268B4-8143-4D51-90F4-A4A74D8837EF}.Release|Any CPU.ActiveCfg = Release|Any CPU
		{0C8268B4-8143-4D51-90F4-A4A74D8837EF}.Release|Any CPU.Build.0 = Release|Any CPU
	EndGlobalSection
	GlobalSection(SolutionProperties) = preSolution
		HideSolutionNode = FALSE
	EndGlobalSection
	GlobalSection(ExtensibilityGlobals) = postSolution
		SolutionGuid = {4F26052C-FF14-464E-9802-E995D5A50AB9}
	EndGlobalSection
EndGlobal
